// !$*UTF8*$!
{
	archiveVersion = 1;
	classes = {
	};
	objectVersion = 46;
	objects = {

/* Begin PBXBuildFile section */
		CA0FFA3B1D8DBEF500EA2CA6 /* main.m in Sources */ = {isa = PBXBuildFile; fileRef = CA0FFA3A1D8DBEF500EA2CA6 /* main.m */; };
		CA0FFA3E1D8DBEF500EA2CA6 /* AppDelegate.m in Sources */ = {isa = PBXBuildFile; fileRef = CA0FFA3D1D8DBEF500EA2CA6 /* AppDelegate.m */; };
		CA0FFA411D8DBEF500EA2CA6 /* SCRViewController.m in Sources */ = {isa = PBXBuildFile; fileRef = CA0FFA401D8DBEF500EA2CA6 /* SCRViewController.m */; };
		CA0FFA461D8DBEF500EA2CA6 /* Assets.xcassets in Resources */ = {isa = PBXBuildFile; fileRef = CA0FFA451D8DBEF500EA2CA6 /* Assets.xcassets */; };
		CA0FFA491D8DBEF500EA2CA6 /* LaunchScreen.storyboard in Resources */ = {isa = PBXBuildFile; fileRef = CA0FFA471D8DBEF500EA2CA6 /* LaunchScreen.storyboard */; };
		CA0FFA531D8DC8C500EA2CA6 /* SCRXMLReader.m in Sources */ = {isa = PBXBuildFile; fileRef = CA0FFA521D8DC8C500EA2CA6 /* SCRXMLReader.m */; };
/* End PBXBuildFile section */

/* Begin PBXFileReference section */
		CA0FFA361D8DBEF500EA2CA6 /* Scrub.app */ = {isa = PBXFileReference; explicitFileType = wrapper.application; includeInIndex = 0; path = Scrub.app; sourceTree = BUILT_PRODUCTS_DIR; };
		CA0FFA3A1D8DBEF500EA2CA6 /* main.m */ = {isa = PBXFileReference; lastKnownFileType = sourcecode.c.objc; path = main.m; sourceTree = "<group>"; };
		CA0FFA3C1D8DBEF500EA2CA6 /* AppDelegate.h */ = {isa = PBXFileReference; lastKnownFileType = sourcecode.c.h; path = AppDelegate.h; sourceTree = "<group>"; };
		CA0FFA3D1D8DBEF500EA2CA6 /* AppDelegate.m */ = {isa = PBXFileReference; lastKnownFileType = sourcecode.c.objc; path = AppDelegate.m; sourceTree = "<group>"; };
		CA0FFA3F1D8DBEF500EA2CA6 /* SCRViewController.h */ = {isa = PBXFileReference; lastKnownFileType = sourcecode.c.h; path = SCRViewController.h; sourceTree = "<group>"; };
		CA0FFA401D8DBEF500EA2CA6 /* SCRViewController.m */ = {isa = PBXFileReference; lastKnownFileType = sourcecode.c.objc; path = SCRViewController.m; sourceTree = "<group>"; };
		CA0FFA451D8DBEF500EA2CA6 /* Assets.xcassets */ = {isa = PBXFileReference; lastKnownFileType = folder.assetcatalog; path = Assets.xcassets; sourceTree = "<group>"; };
		CA0FFA481D8DBEF500EA2CA6 /* Base */ = {isa = PBXFileReference; lastKnownFileType = file.storyboard; name = Base; path = Base.lproj/LaunchScreen.storyboard; sourceTree = "<group>"; };
		CA0FFA4A1D8DBEF500EA2CA6 /* Info.plist */ = {isa = PBXFileReference; lastKnownFileType = text.plist.xml; path = Info.plist; sourceTree = "<group>"; };
		CA0FFA511D8DC8C500EA2CA6 /* SCRXMLReader.h */ = {isa = PBXFileReference; fileEncoding = 4; lastKnownFileType = sourcecode.c.h; path = SCRXMLReader.h; sourceTree = "<group>"; };
		CA0FFA521D8DC8C500EA2CA6 /* SCRXMLReader.m */ = {isa = PBXFileReference; fileEncoding = 4; lastKnownFileType = sourcecode.c.objc; path = SCRXMLReader.m; sourceTree = "<group>"; };
/* End PBXFileReference section */

/* Begin PBXFrameworksBuildPhase section */
		CA0FFA331D8DBEF400EA2CA6 /* Frameworks */ = {
			isa = PBXFrameworksBuildPhase;
			buildActionMask = 2147483647;
			files = (
			);
			runOnlyForDeploymentPostprocessing = 0;
		};
/* End PBXFrameworksBuildPhase section */

/* Begin PBXGroup section */
		CA0FFA2D1D8DBEF400EA2CA6 = {
			isa = PBXGroup;
			children = (
				CA0FFA381D8DBEF500EA2CA6 /* Scrub */,
				CA0FFA371D8DBEF500EA2CA6 /* Products */,
			);
			sourceTree = "<group>";
		};
		CA0FFA371D8DBEF500EA2CA6 /* Products */ = {
			isa = PBXGroup;
			children = (
				CA0FFA361D8DBEF500EA2CA6 /* Scrub.app */,
			);
			name = Products;
			sourceTree = "<group>";
		};
		CA0FFA381D8DBEF500EA2CA6 /* Scrub */ = {
			isa = PBXGroup;
			children = (
				CA0FFA3C1D8DBEF500EA2CA6 /* AppDelegate.h */,
				CA0FFA3D1D8DBEF500EA2CA6 /* AppDelegate.m */,
				CA0FFA3F1D8DBEF500EA2CA6 /* SCRViewController.h */,
				CA0FFA401D8DBEF500EA2CA6 /* SCRViewController.m */,
				CA0FFA511D8DC8C500EA2CA6 /* SCRXMLReader.h */,
				CA0FFA521D8DC8C500EA2CA6 /* SCRXMLReader.m */,
				CA0FFA451D8DBEF500EA2CA6 /* Assets.xcassets */,
				CA0FFA471D8DBEF500EA2CA6 /* LaunchScreen.storyboard */,
				CA0FFA4A1D8DBEF500EA2CA6 /* Info.plist */,
				CA0FFA391D8DBEF500EA2CA6 /* Supporting Files */,
			);
			path = Scrub;
			sourceTree = "<group>";
		};
		CA0FFA391D8DBEF500EA2CA6 /* Supporting Files */ = {
			isa = PBXGroup;
			children = (
				CA0FFA3A1D8DBEF500EA2CA6 /* main.m */,
			);
			name = "Supporting Files";
			sourceTree = "<group>";
		};
/* End PBXGroup section */

/* Begin PBXNativeTarget section */
		CA0FFA351D8DBEF400EA2CA6 /* Scrub */ = {
			isa = PBXNativeTarget;
			buildConfigurationList = CA0FFA4D1D8DBEF500EA2CA6 /* Build configuration list for PBXNativeTarget "Scrub" */;
			buildPhases = (
				CA0FFA321D8DBEF400EA2CA6 /* Sources */,
				CA0FFA331D8DBEF400EA2CA6 /* Frameworks */,
				CA0FFA341D8DBEF400EA2CA6 /* Resources */,
			);
			buildRules = (
			);
			dependencies = (
			);
			name = Scrub;
			productName = Scrub;
			productReference = CA0FFA361D8DBEF500EA2CA6 /* Scrub.app */;
			productType = "com.apple.product-type.application";
		};
/* End PBXNativeTarget section */

/* Begin PBXProject section */
		CA0FFA2E1D8DBEF400EA2CA6 /* Project object */ = {
			isa = PBXProject;
			attributes = {
				LastUpgradeCheck = 0800;
				ORGANIZATIONNAME = "Drew Titus";
				TargetAttributes = {
					CA0FFA351D8DBEF400EA2CA6 = {
						CreatedOnToolsVersion = 8.0;
						DevelopmentTeam = UJLVTFXR7L;
						ProvisioningStyle = Automatic;
					};
				};
			};
			buildConfigurationList = CA0FFA311D8DBEF400EA2CA6 /* Build configuration list for PBXProject "Scrub" */;
			compatibilityVersion = "Xcode 3.2";
			developmentRegion = English;
			hasScannedForEncodings = 0;
			knownRegions = (
				en,
				Base,
			);
			mainGroup = CA0FFA2D1D8DBEF400EA2CA6;
			productRefGroup = CA0FFA371D8DBEF500EA2CA6 /* Products */;
			projectDirPath = "";
			projectRoot = "";
			targets = (
				CA0FFA351D8DBEF400EA2CA6 /* Scrub */,
			);
		};
/* End PBXProject section */

/* Begin PBXResourcesBuildPhase section */
		CA0FFA341D8DBEF400EA2CA6 /* Resources */ = {
			isa = PBXResourcesBuildPhase;
			buildActionMask = 2147483647;
			files = (
				CA0FFA491D8DBEF500EA2CA6 /* LaunchScreen.storyboard in Resources */,
				CA0FFA461D8DBEF500EA2CA6 /* Assets.xcassets in Resources */,
			);
			runOnlyForDeploymentPostprocessing = 0;
		};
/* End PBXResourcesBuildPhase section */

/* Begin PBXSourcesBuildPhase section */
		CA0FFA321D8DBEF400EA2CA6 /* Sources */ = {
			isa = PBXSourcesBuildPhase;
			buildActionMask = 2147483647;
			files = (
				CA0FFA411D8DBEF500EA2CA6 /* SCRViewController.m in Sources */,
				CA0FFA531D8DC8C500EA2CA6 /* SCRXMLReader.m in Sources */,
				CA0FFA3E1D8DBEF500EA2CA6 /* AppDelegate.m in Sources */,
				CA0FFA3B1D8DBEF500EA2CA6 /* main.m in Sources */,
			);
			runOnlyForDeploymentPostprocessing = 0;
		};
/* End PBXSourcesBuildPhase section */

/* Begin PBXVariantGroup section */
		CA0FFA471D8DBEF500EA2CA6 /* LaunchScreen.storyboard */ = {
			isa = PBXVariantGroup;
			children = (
				CA0FFA481D8DBEF500EA2CA6 /* Base */,
			);
			name = LaunchScreen.storyboard;
			sourceTree = "<group>";
		};
/* End PBXVariantGroup section */

/* Begin XCBuildConfiguration section */
		CA0FFA4B1D8DBEF500EA2CA6 /* Debug */ = {
			isa = XCBuildConfiguration;
			buildSettings = {
				ALWAYS_SEARCH_USER_PATHS = NO;
				CLANG_ANALYZER_NONNULL = YES;
				CLANG_CXX_LANGUAGE_STANDARD = "gnu++0x";
				CLANG_CXX_LIBRARY = "libc++";
				CLANG_ENABLE_MODULES = YES;
				CLANG_ENABLE_OBJC_ARC = YES;
				CLANG_WARN_BOOL_CONVERSION = YES;
				CLANG_WARN_CONSTANT_CONVERSION = YES;
				CLANG_WARN_DIRECT_OBJC_ISA_USAGE = YES_ERROR;
				CLANG_WARN_DOCUMENTATION_COMMENTS = YES;
				CLANG_WARN_EMPTY_BODY = YES;
				CLANG_WARN_ENUM_CONVERSION = YES;
				CLANG_WARN_INFINITE_RECURSION = YES;
				CLANG_WARN_INT_CONVERSION = YES;
				CLANG_WARN_OBJC_ROOT_CLASS = YES_ERROR;
				CLANG_WARN_SUSPICIOUS_MOVES = YES;
				CLANG_WARN_UNREACHABLE_CODE = YES;
				CLANG_WARN__DUPLICATE_METHOD_MATCH = YES;
				"CODE_SIGN_IDENTITY[sdk=iphoneos*]" = "iPhone Developer";
				COPY_PHASE_STRIP = NO;
				DEBUG_INFORMATION_FORMAT = dwarf;
				ENABLE_STRICT_OBJC_MSGSEND = YES;
				ENABLE_TESTABILITY = YES;
				GCC_C_LANGUAGE_STANDARD = gnu99;
				GCC_DYNAMIC_NO_PIC = NO;
				GCC_NO_COMMON_BLOCKS = YES;
				GCC_OPTIMIZATION_LEVEL = 0;
				GCC_PREPROCESSOR_DEFINITIONS = (
					"DEBUG=1",
					"$(inherited)",
				);
				GCC_WARN_64_TO_32_BIT_CONVERSION = YES;
				GCC_WARN_ABOUT_RETURN_TYPE = YES_ERROR;
				GCC_WARN_UNDECLARED_SELECTOR = YES;
				GCC_WARN_UNINITIALIZED_AUTOS = YES_AGGRESSIVE;
				GCC_WARN_UNUSED_FUNCTION = YES;
				GCC_WARN_UNUSED_VARIABLE = YES;
				IPHONEOS_DEPLOYMENT_TARGET = 10.0;
				MTL_ENABLE_DEBUG_INFO = YES;
				ONLY_ACTIVE_ARCH = YES;
				SDKROOT = iphoneos;
				TARGETED_DEVICE_FAMILY = "1,2";
			};
			name = Debug;
		};
		CA0FFA4C1D8DBEF500EA2CA6 /* Release */ = {
			isa = XCBuildConfiguration;
			buildSettings = {
				ALWAYS_SEARCH_USER_PATHS = NO;
				CLANG_ANALYZER_NONNULL = YES;
				CLANG_CXX_LANGUAGE_STANDARD = "gnu++0x";
				CLANG_CXX_LIBRARY = "libc++";
				CLANG_ENABLE_MODULES = YES;
				CLANG_ENABLE_OBJC_ARC = YES;
				CLANG_WARN_BOOL_CONVERSION = YES;
				CLANG_WARN_CONSTANT_CONVERSION = YES;
				CLANG_WARN_DIRECT_OBJC_ISA_USAGE = YES_ERROR;
				CLANG_WARN_DOCUMENTATION_COMMENTS = YES;
				CLANG_WARN_EMPTY_BODY = YES;
				CLANG_WARN_ENUM_CONVERSION = YES;
				CLANG_WARN_INFINITE_RECURSION = YES;
				CLANG_WARN_INT_CONVERSION = YES;
				CLANG_WARN_OBJC_ROOT_CLASS = YES_ERROR;
				CLANG_WARN_SUSPICIOUS_MOVES = YES;
				CLANG_WARN_UNREACHABLE_CODE = YES;
				CLANG_WARN__DUPLICATE_METHOD_MATCH = YES;
				"CODE_SIGN_IDENTITY[sdk=iphoneos*]" = "iPhone Developer";
				COPY_PHASE_STRIP = NO;
				DEBUG_INFORMATION_FORMAT = "dwarf-with-dsym";
				ENABLE_NS_ASSERTIONS = NO;
				ENABLE_STRICT_OBJC_MSGSEND = YES;
				GCC_C_LANGUAGE_STANDARD = gnu99;
				GCC_NO_COMMON_BLOCKS = YES;
				GCC_WARN_64_TO_32_BIT_CONVERSION = YES;
				GCC_WARN_ABOUT_RETURN_TYPE = YES_ERROR;
				GCC_WARN_UNDECLARED_SELECTOR = YES;
				GCC_WARN_UNINITIALIZED_AUTOS = YES_AGGRESSIVE;
				GCC_WARN_UNUSED_FUNCTION = YES;
				GCC_WARN_UNUSED_VARIABLE = YES;
				IPHONEOS_DEPLOYMENT_TARGET = 10.0;
				MTL_ENABLE_DEBUG_INFO = NO;
				SDKROOT = iphoneos;
				TARGETED_DEVICE_FAMILY = "1,2";
				VALIDATE_PRODUCT = YES;
			};
			name = Release;
		};
		CA0FFA4E1D8DBEF500EA2CA6 /* Debug */ = {
			isa = XCBuildConfiguration;
			buildSettings = {
				ASSETCATALOG_COMPILER_APPICON_NAME = AppIcon;
				DEVELOPMENT_TEAM = UJLVTFXR7L;
				INFOPLIST_FILE = Scrub/Info.plist;
				LD_RUNPATH_SEARCH_PATHS = "$(inherited) @executable_path/Frameworks";
				PRODUCT_BUNDLE_IDENTIFIER = drewtitus.Scrub;
				PRODUCT_NAME = "$(TARGET_NAME)";
			};
			name = Debug;
		};
		CA0FFA4F1D8DBEF500EA2CA6 /* Release */ = {
			isa = XCBuildConfiguration;
			buildSettings = {
				ASSETCATALOG_COMPILER_APPICON_NAME = AppIcon;
				DEVELOPMENT_TEAM = UJLVTFXR7L;
				INFOPLIST_FILE = Scrub/Info.plist;
				LD_RUNPATH_SEARCH_PATHS = "$(inherited) @executable_path/Frameworks";
				PRODUCT_BUNDLE_IDENTIFIER = drewtitus.Scrub;
				PRODUCT_NAME = "$(TARGET_NAME)";
			};
			name = Release;
		};
/* End XCBuildConfiguration section */

/* Begin XCConfigurationList section */
		CA0FFA311D8DBEF400EA2CA6 /* Build configuration list for PBXProject "Scrub" */ = {
			isa = XCConfigurationList;
			buildConfigurations = (
				CA0FFA4B1D8DBEF500EA2CA6 /* Debug */,
				CA0FFA4C1D8DBEF500EA2CA6 /* Release */,
			);
			defaultConfigurationIsVisible = 0;
			defaultConfigurationName = Release;
		};
		CA0FFA4D1D8DBEF500EA2CA6 /* Build configuration list for PBXNativeTarget "Scrub" */ = {
			isa = XCConfigurationList;
			buildConfigurations = (
				CA0FFA4E1D8DBEF500EA2CA6 /* Debug */,
				CA0FFA4F1D8DBEF500EA2CA6 /* Release */,
			);
			defaultConfigurationIsVisible = 0;
			defaultConfigurationName = Release;
		};
/* End XCConfigurationList section */
	};
	rootObject = CA0FFA2E1D8DBEF400EA2CA6 /* Project object */;
}
